
Microsoft Visual Studio Solution File, Format Version 12.00
# Visual Studio Version 16
VisualStudioVersion = 16.0.30128.74
MinimumVisualStudioVersion = 10.0.40219.1
Project("{FAE04EC0-301F-11D3-BF4B-00C04F79EFBC}") = "WebApplication1", "WebApplication1\WebApplication1.csproj", "{3CCFEAD8-CE12-4B3C-8DE6-5F8784B5751E}"
EndProject
Global
	GlobalSection(SolutionConfigurationPlatforms) = preSolution
		Debug|Any CPU = Debug|Any CPU
		Release|Any CPU = Release|Any CPU
	EndGlobalSection
	GlobalSection(ProjectConfigurationPlatforms) = postSolution
		{3CCFEAD8-CE12-4B3C-8DE6-5F8784B5751E}.Debug|Any CPU.ActiveCfg = Debug|Any CPU
		{3CCFEAD8-CE12-4B3C-8DE6-5F8784B5751E}.Debug|Any CPU.Build.0 = Debug|Any CPU
		{3CCFEAD8-CE12-4B3C-8DE6-5F8784B5751E}.Release|Any CPU.ActiveCfg = Release|Any CPU
		{3CCFEAD8-CE12-4B3C-8DE6-5F8784B5751E}.Release|Any CPU.Build.0 = Release|Any CPU
	EndGlobalSection
	GlobalSection(SolutionProperties) = preSolution
		HideSolutionNode = FALSE
	EndGlobalSection
	GlobalSection(ExtensibilityGlobals) = postSolution
		SolutionGuid = {6657D66B-1672-47F0-90D0-6B6D725B56B2}
	EndGlobalSection
EndGlobal
